// !$*UTF8*$!
{
	archiveVersion = 1;
	classes = {
	};
	objectVersion = 56;
	objects = {

/* Begin PBXBuildFile section */
		765269D8292C19E600EA43B9 /* AppDelegate.swift in Sources */ = {isa = PBXBuildFile; fileRef = 765269D7292C19E600EA43B9 /* AppDelegate.swift */; };
		765269DA292C19E700EA43B9 /* SceneDelegate.swift in Sources */ = {isa = PBXBuildFile; fileRef = 765269D9292C19E700EA43B9 /* SceneDelegate.swift */; };
		765269DC292C19E700EA43B9 /* ViewController.swift in Sources */ = {isa = PBXBuildFile; fileRef = 765269DB292C19E700EA43B9 /* ViewController.swift */; };
		765269DF292C19E700EA43B9 /* Main.storyboard in Resources */ = {isa = PBXBuildFile; fileRef = 765269DD292C19E700EA43B9 /* Main.storyboard */; };
		765269E1292C19E700EA43B9 /* Assets.xcassets in Resources */ = {isa = PBXBuildFile; fileRef = 765269E0292C19E700EA43B9 /* Assets.xcassets */; };
		765269E4292C19E700EA43B9 /* LaunchScreen.storyboard in Resources */ = {isa = PBXBuildFile; fileRef = 765269E2292C19E700EA43B9 /* LaunchScreen.storyboard */; };
		765269EF292C19E800EA43B9 /* RollDiceTests.swift in Sources */ = {isa = PBXBuildFile; fileRef = 765269EE292C19E800EA43B9 /* RollDiceTests.swift */; };
		765269F9292C19E800EA43B9 /* RollDiceUITests.swift in Sources */ = {isa = PBXBuildFile; fileRef = 765269F8292C19E800EA43B9 /* RollDiceUITests.swift */; };
		765269FB292C19E800EA43B9 /* RollDiceUITestsLaunchTests.swift in Sources */ = {isa = PBXBuildFile; fileRef = 765269FA292C19E800EA43B9 /* RollDiceUITestsLaunchTests.swift */; };
/* End PBXBuildFile section */

/* Begin PBXContainerItemProxy section */
		765269EB292C19E800EA43B9 /* PBXContainerItemProxy */ = {
			isa = PBXContainerItemProxy;
			containerPortal = 765269CC292C19E600EA43B9 /* Project object */;
			proxyType = 1;
			remoteGlobalIDString = 765269D3292C19E600EA43B9;
			remoteInfo = RollDice;
		};
		765269F5292C19E800EA43B9 /* PBXContainerItemProxy */ = {
			isa = PBXContainerItemProxy;
			containerPortal = 765269CC292C19E600EA43B9 /* Project object */;
			proxyType = 1;
			remoteGlobalIDString = 765269D3292C19E600EA43B9;
			remoteInfo = RollDice;
		};
/* End PBXContainerItemProxy section */

/* Begin PBXFileReference section */
		765269D4292C19E600EA43B9 /* RollDice.app */ = {isa = PBXFileReference; explicitFileType = wrapper.application; includeInIndex = 0; path = RollDice.app; sourceTree = BUILT_PRODUCTS_DIR; };
		765269D7292C19E600EA43B9 /* AppDelegate.swift */ = {isa = PBXFileReference; lastKnownFileType = sourcecode.swift; path = AppDelegate.swift; sourceTree = "<group>"; };
		765269D9292C19E700EA43B9 /* SceneDelegate.swift */ = {isa = PBXFileReference; lastKnownFileType = sourcecode.swift; path = SceneDelegate.swift; sourceTree = "<group>"; };
		765269DB292C19E700EA43B9 /* ViewController.swift */ = {isa = PBXFileReference; lastKnownFileType = sourcecode.swift; path = ViewController.swift; sourceTree = "<group>"; };
		765269DE292C19E700EA43B9 /* Base */ = {isa = PBXFileReference; lastKnownFileType = file.storyboard; name = Base; path = Base.lproj/Main.storyboard; sourceTree = "<group>"; };
		765269E0292C19E700EA43B9 /* Assets.xcassets */ = {isa = PBXFileReference; lastKnownFileType = folder.assetcatalog; path = Assets.xcassets; sourceTree = "<group>"; };
		765269E3292C19E700EA43B9 /* Base */ = {isa = PBXFileReference; lastKnownFileType = file.storyboard; name = Base; path = Base.lproj/LaunchScreen.storyboard; sourceTree = "<group>"; };
		765269E5292C19E700EA43B9 /* Info.plist */ = {isa = PBXFileReference; lastKnownFileType = text.plist.xml; path = Info.plist; sourceTree = "<group>"; };
		765269EA292C19E800EA43B9 /* RollDiceTests.xctest */ = {isa = PBXFileReference; explicitFileType = wrapper.cfbundle; includeInIndex = 0; path = RollDiceTests.xctest; sourceTree = BUILT_PRODUCTS_DIR; };
		765269EE292C19E800EA43B9 /* RollDiceTests.swift */ = {isa = PBXFileReference; lastKnownFileType = sourcecode.swift; path = RollDiceTests.swift; sourceTree = "<group>"; };
		765269F4292C19E800EA43B9 /* RollDiceUITests.xctest */ = {isa = PBXFileReference; explicitFileType = wrapper.cfbundle; includeInIndex = 0; path = RollDiceUITests.xctest; sourceTree = BUILT_PRODUCTS_DIR; };
		765269F8292C19E800EA43B9 /* RollDiceUITests.swift */ = {isa = PBXFileReference; lastKnownFileType = sourcecode.swift; path = RollDiceUITests.swift; sourceTree = "<group>"; };
		765269FA292C19E800EA43B9 /* RollDiceUITestsLaunchTests.swift */ = {isa = PBXFileReference; lastKnownFileType = sourcecode.swift; path = RollDiceUITestsLaunchTests.swift; sourceTree = "<group>"; };
/* End PBXFileReference section */

/* Begin PBXFrameworksBuildPhase section */
		765269D1292C19E600EA43B9 /* Frameworks */ = {
			isa = PBXFrameworksBuildPhase;
			buildActionMask = 2147483647;
			files = (
			);
			runOnlyForDeploymentPostprocessing = 0;
		};
		765269E7292C19E800EA43B9 /* Frameworks */ = {
			isa = PBXFrameworksBuildPhase;
			buildActionMask = 2147483647;
			files = (
			);
			runOnlyForDeploymentPostprocessing = 0;
		};
		765269F1292C19E800EA43B9 /* Frameworks */ = {
			isa = PBXFrameworksBuildPhase;
			buildActionMask = 2147483647;
			files = (
			);
			runOnlyForDeploymentPostprocessing = 0;
		};
/* End PBXFrameworksBuildPhase section */

/* Begin PBXGroup section */
		765269CB292C19E600EA43B9 = {
			isa = PBXGroup;
			children = (
				765269D6292C19E600EA43B9 /* RollDice */,
				765269ED292C19E800EA43B9 /* RollDiceTests */,
				765269F7292C19E800EA43B9 /* RollDiceUITests */,
				765269D5292C19E600EA43B9 /* Products */,
			);
			sourceTree = "<group>";
		};
		765269D5292C19E600EA43B9 /* Products */ = {
			isa = PBXGroup;
			children = (
				765269D4292C19E600EA43B9 /* RollDice.app */,
				765269EA292C19E800EA43B9 /* RollDiceTests.xctest */,
				765269F4292C19E800EA43B9 /* RollDiceUITests.xctest */,
			);
			name = Products;
			sourceTree = "<group>";
		};
		765269D6292C19E600EA43B9 /* RollDice */ = {
			isa = PBXGroup;
			children = (
				765269D7292C19E600EA43B9 /* AppDelegate.swift */,
				765269D9292C19E700EA43B9 /* SceneDelegate.swift */,
				765269DB292C19E700EA43B9 /* ViewController.swift */,
				765269DD292C19E700EA43B9 /* Main.storyboard */,
				765269E0292C19E700EA43B9 /* Assets.xcassets */,
				765269E2292C19E700EA43B9 /* LaunchScreen.storyboard */,
				765269E5292C19E700EA43B9 /* Info.plist */,
			);
			path = RollDice;
			sourceTree = "<group>";
		};
		765269ED292C19E800EA43B9 /* RollDiceTests */ = {
			isa = PBXGroup;
			children = (
				765269EE292C19E800EA43B9 /* RollDiceTests.swift */,
			);
			path = RollDiceTests;
			sourceTree = "<group>";
		};
		765269F7292C19E800EA43B9 /* RollDiceUITests */ = {
			isa = PBXGroup;
			children = (
				765269F8292C19E800EA43B9 /* RollDiceUITests.swift */,
				765269FA292C19E800EA43B9 /* RollDiceUITestsLaunchTests.swift */,
			);
			path = RollDiceUITests;
			sourceTree = "<group>";
		};
/* End PBXGroup section */

/* Begin PBXNativeTarget section */
		765269D3292C19E600EA43B9 /* RollDice */ = {
			isa = PBXNativeTarget;
			buildConfigurationList = 765269FE292C19E800EA43B9 /* Build configuration list for PBXNativeTarget "RollDice" */;
			buildPhases = (
				765269D0292C19E600EA43B9 /* Sources */,
				765269D1292C19E600EA43B9 /* Frameworks */,
				765269D2292C19E600EA43B9 /* Resources */,
			);
			buildRules = (
			);
			dependencies = (
			);
			name = RollDice;
			productName = RollDice;
			productReference = 765269D4292C19E600EA43B9 /* RollDice.app */;
			productType = "com.apple.product-type.application";
		};
		765269E9292C19E800EA43B9 /* RollDiceTests */ = {
			isa = PBXNativeTarget;
			buildConfigurationList = 76526A01292C19E800EA43B9 /* Build configuration list for PBXNativeTarget "RollDiceTests" */;
			buildPhases = (
				765269E6292C19E800EA43B9 /* Sources */,
				765269E7292C19E800EA43B9 /* Frameworks */,
				765269E8292C19E800EA43B9 /* Resources */,
			);
			buildRules = (
			);
			dependencies = (
				765269EC292C19E800EA43B9 /* PBXTargetDependency */,
			);
			name = RollDiceTests;
			productName = RollDiceTests;
			productReference = 765269EA292C19E800EA43B9 /* RollDiceTests.xctest */;
			productType = "com.apple.product-type.bundle.unit-test";
		};
		765269F3292C19E800EA43B9 /* RollDiceUITests */ = {
			isa = PBXNativeTarget;
			buildConfigurationList = 76526A04292C19E800EA43B9 /* Build configuration list for PBXNativeTarget "RollDiceUITests" */;
			buildPhases = (
				765269F0292C19E800EA43B9 /* Sources */,
				765269F1292C19E800EA43B9 /* Frameworks */,
				765269F2292C19E800EA43B9 /* Resources */,
			);
			buildRules = (
			);
			dependencies = (
				765269F6292C19E800EA43B9 /* PBXTargetDependency */,
			);
			name = RollDiceUITests;
			productName = RollDiceUITests;
			productReference = 765269F4292C19E800EA43B9 /* RollDiceUITests.xctest */;
			productType = "com.apple.product-type.bundle.ui-testing";
		};
/* End PBXNativeTarget section */

/* Begin PBXProject section */
		765269CC292C19E600EA43B9 /* Project object */ = {
			isa = PBXProject;
			attributes = {
				BuildIndependentTargetsInParallel = 1;
				LastSwiftUpdateCheck = 1410;
				LastUpgradeCheck = 1410;
				TargetAttributes = {
					765269D3292C19E600EA43B9 = {
						CreatedOnToolsVersion = 14.1;
					};
					765269E9292C19E800EA43B9 = {
						CreatedOnToolsVersion = 14.1;
						TestTargetID = 765269D3292C19E600EA43B9;
					};
					765269F3292C19E800EA43B9 = {
						CreatedOnToolsVersion = 14.1;
						TestTargetID = 765269D3292C19E600EA43B9;
					};
				};
			};
			buildConfigurationList = 765269CF292C19E600EA43B9 /* Build configuration list for PBXProject "RollDice" */;
			compatibilityVersion = "Xcode 14.0";
			developmentRegion = en;
			hasScannedForEncodings = 0;
			knownRegions = (
				en,
				Base,
			);
			mainGroup = 765269CB292C19E600EA43B9;
			productRefGroup = 765269D5292C19E600EA43B9 /* Products */;
			projectDirPath = "";
			projectRoot = "";
			targets = (
				765269D3292C19E600EA43B9 /* RollDice */,
				765269E9292C19E800EA43B9 /* RollDiceTests */,
				765269F3292C19E800EA43B9 /* RollDiceUITests */,
			);
		};
/* End PBXProject section */

/* Begin PBXResourcesBuildPhase section */
		765269D2292C19E600EA43B9 /* Resources */ = {
			isa = PBXResourcesBuildPhase;
			buildActionMask = 2147483647;
			files = (
				765269E4292C19E700EA43B9 /* LaunchScreen.storyboard in Resources */,
				765269E1292C19E700EA43B9 /* Assets.xcassets in Resources */,
				765269DF292C19E700EA43B9 /* Main.storyboard in Resources */,
			);
			runOnlyForDeploymentPostprocessing = 0;
		};
		765269E8292C19E800EA43B9 /* Resources */ = {
			isa = PBXResourcesBuildPhase;
			buildActionMask = 2147483647;
			files = (
			);
			runOnlyForDeploymentPostprocessing = 0;
		};
		765269F2292C19E800EA43B9 /* Resources */ = {
			isa = PBXResourcesBuildPhase;
			buildActionMask = 2147483647;
			files = (
			);
			runOnlyForDeploymentPostprocessing = 0;
		};
/* End PBXResourcesBuildPhase section */

/* Begin PBXSourcesBuildPhase section */
		765269D0292C19E600EA43B9 /* Sources */ = {
			isa = PBXSourcesBuildPhase;
			buildActionMask = 2147483647;
			files = (
				765269DC292C19E700EA43B9 /* ViewController.swift in Sources */,
				765269D8292C19E600EA43B9 /* AppDelegate.swift in Sources */,
				765269DA292C19E700EA43B9 /* SceneDelegate.swift in Sources */,
			);
			runOnlyForDeploymentPostprocessing = 0;
		};
		765269E6292C19E800EA43B9 /* Sources */ = {
			isa = PBXSourcesBuildPhase;
			buildActionMask = 2147483647;
			files = (
				765269EF292C19E800EA43B9 /* RollDiceTests.swift in Sources */,
			);
			runOnlyForDeploymentPostprocessing = 0;
		};
		765269F0292C19E800EA43B9 /* Sources */ = {
			isa = PBXSourcesBuildPhase;
			buildActionMask = 2147483647;
			files = (
				765269FB292C19E800EA43B9 /* RollDiceUITestsLaunchTests.swift in Sources */,
				765269F9292C19E800EA43B9 /* RollDiceUITests.swift in Sources */,
			);
			runOnlyForDeploymentPostprocessing = 0;
		};
/* End PBXSourcesBuildPhase section */

/* Begin PBXTargetDependency section */
		765269EC292C19E800EA43B9 /* PBXTargetDependency */ = {
			isa = PBXTargetDependency;
			target = 765269D3292C19E600EA43B9 /* RollDice */;
			targetProxy = 765269EB292C19E800EA43B9 /* PBXContainerItemProxy */;
		};
		765269F6292C19E800EA43B9 /* PBXTargetDependency */ = {
			isa = PBXTargetDependency;
			target = 765269D3292C19E600EA43B9 /* RollDice */;
			targetProxy = 765269F5292C19E800EA43B9 /* PBXContainerItemProxy */;
		};
/* End PBXTargetDependency section */

/* Begin PBXVariantGroup section */
		765269DD292C19E700EA43B9 /* Main.storyboard */ = {
			isa = PBXVariantGroup;
			children = (
				765269DE292C19E700EA43B9 /* Base */,
			);
			name = Main.storyboard;
			sourceTree = "<group>";
		};
		765269E2292C19E700EA43B9 /* LaunchScreen.storyboard */ = {
			isa = PBXVariantGroup;
			children = (
				765269E3292C19E700EA43B9 /* Base */,
			);
			name = LaunchScreen.storyboard;
			sourceTree = "<group>";
		};
/* End PBXVariantGroup section */

/* Begin XCBuildConfiguration section */
		765269FC292C19E800EA43B9 /* Debug */ = {
			isa = XCBuildConfiguration;
			buildSettings = {
				ALWAYS_SEARCH_USER_PATHS = NO;
				CLANG_ANALYZER_NONNULL = YES;
				CLANG_ANALYZER_NUMBER_OBJECT_CONVERSION = YES_AGGRESSIVE;
				CLANG_CXX_LANGUAGE_STANDARD = "gnu++20";
				CLANG_ENABLE_MODULES = YES;
				CLANG_ENABLE_OBJC_ARC = YES;
				CLANG_ENABLE_OBJC_WEAK = YES;
				CLANG_WARN_BLOCK_CAPTURE_AUTORELEASING = YES;
				CLANG_WARN_BOOL_CONVERSION = YES;
				CLANG_WARN_COMMA = YES;
				CLANG_WARN_CONSTANT_CONVERSION = YES;
				CLANG_WARN_DEPRECATED_OBJC_IMPLEMENTATIONS = YES;
				CLANG_WARN_DIRECT_OBJC_ISA_USAGE = YES_ERROR;
				CLANG_WARN_DOCUMENTATION_COMMENTS = YES;
				CLANG_WARN_EMPTY_BODY = YES;
				CLANG_WARN_ENUM_CONVERSION = YES;
				CLANG_WARN_INFINITE_RECURSION = YES;
				CLANG_WARN_INT_CONVERSION = YES;
				CLANG_WARN_NON_LITERAL_NULL_CONVERSION = YES;
				CLANG_WARN_OBJC_IMPLICIT_RETAIN_SELF = YES;
				CLANG_WARN_OBJC_LITERAL_CONVERSION = YES;
				CLANG_WARN_OBJC_ROOT_CLASS = YES_ERROR;
				CLANG_WARN_QUOTED_INCLUDE_IN_FRAMEWORK_HEADER = YES;
				CLANG_WARN_RANGE_LOOP_ANALYSIS = YES;
				CLANG_WARN_STRICT_PROTOTYPES = YES;
				CLANG_WARN_SUSPICIOUS_MOVE = YES;
				CLANG_WARN_UNGUARDED_AVAILABILITY = YES_AGGRESSIVE;
				CLANG_WARN_UNREACHABLE_CODE = YES;
				CLANG_WARN__DUPLICATE_METHOD_MATCH = YES;
				COPY_PHASE_STRIP = NO;
				DEBUG_INFORMATION_FORMAT = dwarf;
				ENABLE_STRICT_OBJC_MSGSEND = YES;
				ENABLE_TESTABILITY = YES;
				GCC_C_LANGUAGE_STANDARD = gnu11;
				GCC_DYNAMIC_NO_PIC = NO;
				GCC_NO_COMMON_BLOCKS = YES;
				GCC_OPTIMIZATION_LEVEL = 0;
				GCC_PREPROCESSOR_DEFINITIONS = (
					"DEBUG=1",
					"$(inherited)",
				);
				GCC_WARN_64_TO_32_BIT_CONVERSION = YES;
				GCC_WARN_ABOUT_RETURN_TYPE = YES_ERROR;
				GCC_WARN_UNDECLARED_SELECTOR = YES;
				GCC_WARN_UNINITIALIZED_AUTOS = YES_AGGRESSIVE;
				GCC_WARN_UNUSED_FUNCTION = YES;
				GCC_WARN_UNUSED_VARIABLE = YES;
				IPHONEOS_DEPLOYMENT_TARGET = 16.1;
				MTL_ENABLE_DEBUG_INFO = INCLUDE_SOURCE;
				MTL_FAST_MATH = YES;
				ONLY_ACTIVE_ARCH = YES;
				SDKROOT = iphoneos;
				SWIFT_ACTIVE_COMPILATION_CONDITIONS = DEBUG;
				SWIFT_OPTIMIZATION_LEVEL = "-Onone";
			};
			name = Debug;
		};
		765269FD292C19E800EA43B9 /* Release */ = {
			isa = XCBuildConfiguration;
			buildSettings = {
				ALWAYS_SEARCH_USER_PATHS = NO;
				CLANG_ANALYZER_NONNULL = YES;
				CLANG_ANALYZER_NUMBER_OBJECT_CONVERSION = YES_AGGRESSIVE;
				CLANG_CXX_LANGUAGE_STANDARD = "gnu++20";
				CLANG_ENABLE_MODULES = YES;
				CLANG_ENABLE_OBJC_ARC = YES;
				CLANG_ENABLE_OBJC_WEAK = YES;
				CLANG_WARN_BLOCK_CAPTURE_AUTORELEASING = YES;
				CLANG_WARN_BOOL_CONVERSION = YES;
				CLANG_WARN_COMMA = YES;
				CLANG_WARN_CONSTANT_CONVERSION = YES;
				CLANG_WARN_DEPRECATED_OBJC_IMPLEMENTATIONS = YES;
				CLANG_WARN_DIRECT_OBJC_ISA_USAGE = YES_ERROR;
				CLANG_WARN_DOCUMENTATION_COMMENTS = YES;
				CLANG_WARN_EMPTY_BODY = YES;
				CLANG_WARN_ENUM_CONVERSION = YES;
				CLANG_WARN_INFINITE_RECURSION = YES;
				CLANG_WARN_INT_CONVERSION = YES;
				CLANG_WARN_NON_LITERAL_NULL_CONVERSION = YES;
				CLANG_WARN_OBJC_IMPLICIT_RETAIN_SELF = YES;
				CLANG_WARN_OBJC_LITERAL_CONVERSION = YES;
				CLANG_WARN_OBJC_ROOT_CLASS = YES_ERROR;
				CLANG_WARN_QUOTED_INCLUDE_IN_FRAMEWORK_HEADER = YES;
				CLANG_WARN_RANGE_LOOP_ANALYSIS = YES;
				CLANG_WARN_STRICT_PROTOTYPES = YES;
				CLANG_WARN_SUSPICIOUS_MOVE = YES;
				CLANG_WARN_UNGUARDED_AVAILABILITY = YES_AGGRESSIVE;
				CLANG_WARN_UNREACHABLE_CODE = YES;
				CLANG_WARN__DUPLICATE_METHOD_MATCH = YES;
				COPY_PHASE_STRIP = NO;
				DEBUG_INFORMATION_FORMAT = "dwarf-with-dsym";
				ENABLE_NS_ASSERTIONS = NO;
				ENABLE_STRICT_OBJC_MSGSEND = YES;
				GCC_C_LANGUAGE_STANDARD = gnu11;
				GCC_NO_COMMON_BLOCKS = YES;
				GCC_WARN_64_TO_32_BIT_CONVERSION = YES;
				GCC_WARN_ABOUT_RETURN_TYPE = YES_ERROR;
				GCC_WARN_UNDECLARED_SELECTOR = YES;
				GCC_WARN_UNINITIALIZED_AUTOS = YES_AGGRESSIVE;
				GCC_WARN_UNUSED_FUNCTION = YES;
				GCC_WARN_UNUSED_VARIABLE = YES;
				IPHONEOS_DEPLOYMENT_TARGET = 16.1;
				MTL_ENABLE_DEBUG_INFO = NO;
				MTL_FAST_MATH = YES;
				SDKROOT = iphoneos;
				SWIFT_COMPILATION_MODE = wholemodule;
				SWIFT_OPTIMIZATION_LEVEL = "-O";
				VALIDATE_PRODUCT = YES;
			};
			name = Release;
		};
		765269FF292C19E800EA43B9 /* Debug */ = {
			isa = XCBuildConfiguration;
			buildSettings = {
				ASSETCATALOG_COMPILER_APPICON_NAME = AppIcon;
				ASSETCATALOG_COMPILER_GLOBAL_ACCENT_COLOR_NAME = AccentColor;
				CODE_SIGN_STYLE = Automatic;
				CURRENT_PROJECT_VERSION = 1;
				DEVELOPMENT_TEAM = 9S5AJR5C22;
				GENERATE_INFOPLIST_FILE = YES;
				INFOPLIST_FILE = RollDice/Info.plist;
				INFOPLIST_KEY_UIApplicationSupportsIndirectInputEvents = YES;
				INFOPLIST_KEY_UILaunchStoryboardName = LaunchScreen;
				INFOPLIST_KEY_UIMainStoryboardFile = Main;
				INFOPLIST_KEY_UISupportedInterfaceOrientations_iPad = "UIInterfaceOrientationPortrait UIInterfaceOrientationPortraitUpsideDown UIInterfaceOrientationLandscapeLeft UIInterfaceOrientationLandscapeRight";
				INFOPLIST_KEY_UISupportedInterfaceOrientations_iPhone = "UIInterfaceOrientationPortrait UIInterfaceOrientationLandscapeLeft UIInterfaceOrientationLandscapeRight";
				LD_RUNPATH_SEARCH_PATHS = (
					"$(inherited)",
					"@executable_path/Frameworks",
				);
				MARKETING_VERSION = 1.0;
				PRODUCT_BUNDLE_IDENTIFIER = rzamolotov.RollDice;
				PRODUCT_NAME = "$(TARGET_NAME)";
				SWIFT_EMIT_LOC_STRINGS = YES;
				SWIFT_VERSION = 5.0;
				TARGETED_DEVICE_FAMILY = "1,2";
			};
			name = Debug;
		};
		76526A00292C19E800EA43B9 /* Release */ = {
			isa = XCBuildConfiguration;
			buildSettings = {
				ASSETCATALOG_COMPILER_APPICON_NAME = AppIcon;
				ASSETCATALOG_COMPILER_GLOBAL_ACCENT_COLOR_NAME = AccentColor;
				CODE_SIGN_STYLE = Automatic;
				CURRENT_PROJECT_VERSION = 1;
				DEVELOPMENT_TEAM = 9S5AJR5C22;
				GENERATE_INFOPLIST_FILE = YES;
				INFOPLIST_FILE = RollDice/Info.plist;
				INFOPLIST_KEY_UIApplicationSupportsIndirectInputEvents = YES;
				INFOPLIST_KEY_UILaunchStoryboardName = LaunchScreen;
				INFOPLIST_KEY_UIMainStoryboardFile = Main;
				INFOPLIST_KEY_UISupportedInterfaceOrientations_iPad = "UIInterfaceOrientationPortrait UIInterfaceOrientationPortraitUpsideDown UIInterfaceOrientationLandscapeLeft UIInterfaceOrientationLandscapeRight";
				INFOPLIST_KEY_UISupportedInterfaceOrientations_iPhone = "UIInterfaceOrientationPortrait UIInterfaceOrientationLandscapeLeft UIInterfaceOrientationLandscapeRight";
				LD_RUNPATH_SEARCH_PATHS = (
					"$(inherited)",
					"@executable_path/Frameworks",
				);
				MARKETING_VERSION = 1.0;
				PRODUCT_BUNDLE_IDENTIFIER = rzamolotov.RollDice;
				PRODUCT_NAME = "$(TARGET_NAME)";
				SWIFT_EMIT_LOC_STRINGS = YES;
				SWIFT_VERSION = 5.0;
				TARGETED_DEVICE_FAMILY = "1,2";
			};
			name = Release;
		};
		76526A02292C19E800EA43B9 /* Debug */ = {
			isa = XCBuildConfiguration;
			buildSettings = {
				ALWAYS_EMBED_SWIFT_STANDARD_LIBRARIES = YES;
				BUNDLE_LOADER = "$(TEST_HOST)";
				CODE_SIGN_STYLE = Automatic;
				CURRENT_PROJECT_VERSION = 1;
				DEVELOPMENT_TEAM = 9S5AJR5C22;
				GENERATE_INFOPLIST_FILE = YES;
				IPHONEOS_DEPLOYMENT_TARGET = 16.1;
				MARKETING_VERSION = 1.0;
				PRODUCT_BUNDLE_IDENTIFIER = rzamolotov.RollDiceTests;
				PRODUCT_NAME = "$(TARGET_NAME)";
				SWIFT_EMIT_LOC_STRINGS = NO;
				SWIFT_VERSION = 5.0;
				TARGETED_DEVICE_FAMILY = "1,2";
				TEST_HOST = "$(BUILT_PRODUCTS_DIR)/RollDice.app/$(BUNDLE_EXECUTABLE_FOLDER_PATH)/RollDice";
			};
			name = Debug;
		};
		76526A03292C19E800EA43B9 /* Release */ = {
			isa = XCBuildConfiguration;
			buildSettings = {
				ALWAYS_EMBED_SWIFT_STANDARD_LIBRARIES = YES;
				BUNDLE_LOADER = "$(TEST_HOST)";
				CODE_SIGN_STYLE = Automatic;
				CURRENT_PROJECT_VERSION = 1;
				DEVELOPMENT_TEAM = 9S5AJR5C22;
				GENERATE_INFOPLIST_FILE = YES;
				IPHONEOS_DEPLOYMENT_TARGET = 16.1;
				MARKETING_VERSION = 1.0;
				PRODUCT_BUNDLE_IDENTIFIER = rzamolotov.RollDiceTests;
				PRODUCT_NAME = "$(TARGET_NAME)";
				SWIFT_EMIT_LOC_STRINGS = NO;
				SWIFT_VERSION = 5.0;
				TARGETED_DEVICE_FAMILY = "1,2";
				TEST_HOST = "$(BUILT_PRODUCTS_DIR)/RollDice.app/$(BUNDLE_EXECUTABLE_FOLDER_PATH)/RollDice";
			};
			name = Release;
		};
		76526A05292C19E800EA43B9 /* Debug */ = {
			isa = XCBuildConfiguration;
			buildSettings = {
				ALWAYS_EMBED_SWIFT_STANDARD_LIBRARIES = YES;
				CODE_SIGN_STYLE = Automatic;
				CURRENT_PROJECT_VERSION = 1;
				DEVELOPMENT_TEAM = 9S5AJR5C22;
				GENERATE_INFOPLIST_FILE = YES;
				MARKETING_VERSION = 1.0;
				PRODUCT_BUNDLE_IDENTIFIER = rzamolotov.RollDiceUITests;
				PRODUCT_NAME = "$(TARGET_NAME)";
				SWIFT_EMIT_LOC_STRINGS = NO;
				SWIFT_VERSION = 5.0;
				TARGETED_DEVICE_FAMILY = "1,2";
				TEST_TARGET_NAME = RollDice;
			};
			name = Debug;
		};
		76526A06292C19E800EA43B9 /* Release */ = {
			isa = XCBuildConfiguration;
			buildSettings = {
				ALWAYS_EMBED_SWIFT_STANDARD_LIBRARIES = YES;
				CODE_SIGN_STYLE = Automatic;
				CURRENT_PROJECT_VERSION = 1;
				DEVELOPMENT_TEAM = 9S5AJR5C22;
				GENERATE_INFOPLIST_FILE = YES;
				MARKETING_VERSION = 1.0;
				PRODUCT_BUNDLE_IDENTIFIER = rzamolotov.RollDiceUITests;
				PRODUCT_NAME = "$(TARGET_NAME)";
				SWIFT_EMIT_LOC_STRINGS = NO;
				SWIFT_VERSION = 5.0;
				TARGETED_DEVICE_FAMILY = "1,2";
				TEST_TARGET_NAME = RollDice;
			};
			name = Release;
		};
/* End XCBuildConfiguration section */

/* Begin XCConfigurationList section */
		765269CF292C19E600EA43B9 /* Build configuration list for PBXProject "RollDice" */ = {
			isa = XCConfigurationList;
			buildConfigurations = (
				765269FC292C19E800EA43B9 /* Debug */,
				765269FD292C19E800EA43B9 /* Release */,
			);
			defaultConfigurationIsVisible = 0;
			defaultConfigurationName = Release;
		};
		765269FE292C19E800EA43B9 /* Build configuration list for PBXNativeTarget "RollDice" */ = {
			isa = XCConfigurationList;
			buildConfigurations = (
				765269FF292C19E800EA43B9 /* Debug */,
				76526A00292C19E800EA43B9 /* Release */,
			);
			defaultConfigurationIsVisible = 0;
			defaultConfigurationName = Release;
		};
		76526A01292C19E800EA43B9 /* Build configuration list for PBXNativeTarget "RollDiceTests" */ = {
			isa = XCConfigurationList;
			buildConfigurations = (
				76526A02292C19E800EA43B9 /* Debug */,
				76526A03292C19E800EA43B9 /* Release */,
			);
			defaultConfigurationIsVisible = 0;
			defaultConfigurationName = Release;
		};
		76526A04292C19E800EA43B9 /* Build configuration list for PBXNativeTarget "RollDiceUITests" */ = {
			isa = XCConfigurationList;
			buildConfigurations = (
				76526A05292C19E800EA43B9 /* Debug */,
				76526A06292C19E800EA43B9 /* Release */,
			);
			defaultConfigurationIsVisible = 0;
			defaultConfigurationName = Release;
		};
/* End XCConfigurationList section */
	};
	rootObject = 765269CC292C19E600EA43B9 /* Project object */;
}
